
Microsoft Visual Studio Solution File, Format Version 12.00
# Visual Studio Version 17
VisualStudioVersion = 17.10.35027.167
MinimumVisualStudioVersion = 10.0.40219.1
Project("{FAE04EC0-301F-11D3-BF4B-00C04F79EFBC}") = "uppgift3", "uppgift3\uppgift3.csproj", "{7BD5FAD1-8C49-44EA-AEDB-446C9482BC02}"
EndProject
Global
	GlobalSection(SolutionConfigurationPlatforms) = preSolution
		Debug|Any CPU = Debug|Any CPU
		Release|Any CPU = Release|Any CPU
	EndGlobalSection
	GlobalSection(ProjectConfigurationPlatforms) = postSolution
		{7BD5FAD1-8C49-44EA-AEDB-446C9482BC02}.Debug|Any CPU.ActiveCfg = Debug|Any CPU
		{7BD5FAD1-8C49-44EA-AEDB-446C9482BC02}.Debug|Any CPU.Build.0 = Debug|Any CPU
		{7BD5FAD1-8C49-44EA-AEDB-446C9482BC02}.Release|Any CPU.ActiveCfg = Release|Any CPU
		{7BD5FAD1-8C49-44EA-AEDB-446C9482BC02}.Release|Any CPU.Build.0 = Release|Any CPU
	EndGlobalSection
	GlobalSection(SolutionProperties) = preSolution
		HideSolutionNode = FALSE
	EndGlobalSection
	GlobalSection(ExtensibilityGlobals) = postSolution
		SolutionGuid = {EAA11E22-8328-4770-AA69-134354502D9B}
	EndGlobalSection
EndGlobal
